// !$*UTF8*$!
{
	archiveVersion = 1;
	classes = {
	};
	objectVersion = 56;
	objects = {

/* Begin PBXBuildFile section */
		1D9CE9502C03D4AA00D7514D /* AppDelegate.swift in Sources */ = {isa = PBXBuildFile; fileRef = 1D9CE94F2C03D4AA00D7514D /* AppDelegate.swift */; };
		1D9CE9522C03D4AA00D7514D /* SceneDelegate.swift in Sources */ = {isa = PBXBuildFile; fileRef = 1D9CE9512C03D4AA00D7514D /* SceneDelegate.swift */; };
		1D9CE9542C03D4AA00D7514D /* ViewController.swift in Sources */ = {isa = PBXBuildFile; fileRef = 1D9CE9532C03D4AA00D7514D /* ViewController.swift */; };
		1D9CE9572C03D4AA00D7514D /* Base in Resources */ = {isa = PBXBuildFile; fileRef = 1D9CE9562C03D4AA00D7514D /* Base */; };
		1D9CE9592C03D4AB00D7514D /* Assets.xcassets in Resources */ = {isa = PBXBuildFile; fileRef = 1D9CE9582C03D4AB00D7514D /* Assets.xcassets */; };
		1D9CE95C2C03D4AB00D7514D /* Base in Resources */ = {isa = PBXBuildFile; fileRef = 1D9CE95B2C03D4AB00D7514D /* Base */; };
/* End PBXBuildFile section */

/* Begin PBXFileReference section */
		1D9CE94D2C03D4AA00D7514D /* XNU Image Generator for iOS.app */ = {isa = PBXFileReference; explicitFileType = wrapper.application; includeInIndex = 0; path = "XNU Image Generator for iOS.app"; sourceTree = BUILT_PRODUCTS_DIR; };
		1D9CE94F2C03D4AA00D7514D /* AppDelegate.swift */ = {isa = PBXFileReference; lastKnownFileType = sourcecode.swift; path = AppDelegate.swift; sourceTree = "<group>"; };
		1D9CE9512C03D4AA00D7514D /* SceneDelegate.swift */ = {isa = PBXFileReference; lastKnownFileType = sourcecode.swift; path = SceneDelegate.swift; sourceTree = "<group>"; };
		1D9CE9532C03D4AA00D7514D /* ViewController.swift */ = {isa = PBXFileReference; lastKnownFileType = sourcecode.swift; path = ViewController.swift; sourceTree = "<group>"; };
		1D9CE9562C03D4AA00D7514D /* Base */ = {isa = PBXFileReference; lastKnownFileType = file.storyboard; name = Base; path = Base.lproj/Main.storyboard; sourceTree = "<group>"; };
		1D9CE9582C03D4AB00D7514D /* Assets.xcassets */ = {isa = PBXFileReference; lastKnownFileType = folder.assetcatalog; path = Assets.xcassets; sourceTree = "<group>"; };
		1D9CE95B2C03D4AB00D7514D /* Base */ = {isa = PBXFileReference; lastKnownFileType = file.storyboard; name = Base; path = Base.lproj/LaunchScreen.storyboard; sourceTree = "<group>"; };
		1D9CE95D2C03D4AB00D7514D /* Info.plist */ = {isa = PBXFileReference; lastKnownFileType = text.plist.xml; path = Info.plist; sourceTree = "<group>"; };
		1DF14AC92C03C0810053E897 /* Preview Assets.xcassets */ = {isa = PBXFileReference; lastKnownFileType = folder.assetcatalog; path = "Preview Assets.xcassets"; sourceTree = "<group>"; };
		1DF14ACB2C03C0810053E897 /* Assets.xcassets */ = {isa = PBXFileReference; lastKnownFileType = folder.assetcatalog; path = Assets.xcassets; sourceTree = "<group>"; };
		1DF14ACC2C03C0810053E897 /* ContentView.swift */ = {isa = PBXFileReference; fileEncoding = 4; lastKnownFileType = sourcecode.swift; path = ContentView.swift; sourceTree = "<group>"; };
		1DF14ACD2C03C0810053E897 /* cx_srd_imagegenerator_xnu_demo.entitlements */ = {isa = PBXFileReference; fileEncoding = 4; lastKnownFileType = text.plist.entitlements; path = cx_srd_imagegenerator_xnu_demo.entitlements; sourceTree = "<group>"; };
		1DF14ACE2C03C0810053E897 /* cx_srd_imagegenerator_xnu_demoApp.swift */ = {isa = PBXFileReference; fileEncoding = 4; lastKnownFileType = sourcecode.swift; path = cx_srd_imagegenerator_xnu_demoApp.swift; sourceTree = "<group>"; };
		1DF14ACF2C03C0810053E897 /* LaunchScreen.storyboard */ = {isa = PBXFileReference; fileEncoding = 4; lastKnownFileType = file.storyboard; path = LaunchScreen.storyboard; sourceTree = "<group>"; };
		1DF14AD02C03C0810053E897 /* SceneDelegate.swift */ = {isa = PBXFileReference; fileEncoding = 4; lastKnownFileType = sourcecode.swift; path = SceneDelegate.swift; sourceTree = "<group>"; };
		1DF14AD12C03C0810053E897 /* ViewController.swift */ = {isa = PBXFileReference; fileEncoding = 4; lastKnownFileType = sourcecode.swift; path = ViewController.swift; sourceTree = "<group>"; };
		1DF14ADA2C03C0AA0053E897 /* 2225.jpg */ = {isa = PBXFileReference; lastKnownFileType = image.jpeg; path = 2225.jpg; sourceTree = "<group>"; };
		1DF14ADC2C03C0EB0053E897 /* Flowers.exr */ = {isa = PBXFileReference; lastKnownFileType = file; path = Flowers.exr; sourceTree = "<group>"; };
		1DFF90382C03CD3D00011940 /* cx-srd-imagegenerator-xnu-demo-Info.plist */ = {isa = PBXFileReference; fileEncoding = 4; lastKnownFileType = text.plist.xml; path = "cx-srd-imagegenerator-xnu-demo-Info.plist"; sourceTree = "<group>"; };
/* End PBXFileReference section */

/* Begin PBXFrameworksBuildPhase section */
		1D9CE94A2C03D4AA00D7514D /* Frameworks */ = {
			isa = PBXFrameworksBuildPhase;
			buildActionMask = 2147483647;
			files = (
			);
			runOnlyForDeploymentPostprocessing = 0;
		};
/* End PBXFrameworksBuildPhase section */

/* Begin PBXGroup section */
		1D9CE94E2C03D4AA00D7514D /* XNU Image Generator for iOS */ = {
			isa = PBXGroup;
			children = (
				1D9CE94F2C03D4AA00D7514D /* AppDelegate.swift */,
				1D9CE9512C03D4AA00D7514D /* SceneDelegate.swift */,
				1D9CE9532C03D4AA00D7514D /* ViewController.swift */,
				1D9CE9552C03D4AA00D7514D /* Main.storyboard */,
				1D9CE9582C03D4AB00D7514D /* Assets.xcassets */,
				1D9CE95A2C03D4AB00D7514D /* LaunchScreen.storyboard */,
				1D9CE95D2C03D4AB00D7514D /* Info.plist */,
			);
			path = "XNU Image Generator for iOS";
			sourceTree = "<group>";
		};
		1DE208F62B867C4700A3C0D5 = {
			isa = PBXGroup;
			children = (
				1DF14AD22C03C0810053E897 /* cx.srd.imagegenerator-xnu-demo */,
				1D9CE94E2C03D4AA00D7514D /* XNU Image Generator for iOS */,
				1DE209002B867C4700A3C0D5 /* Products */,
			);
			sourceTree = "<group>";
		};
		1DE209002B867C4700A3C0D5 /* Products */ = {
			isa = PBXGroup;
			children = (
				1D9CE94D2C03D4AA00D7514D /* XNU Image Generator for iOS.app */,
			);
			name = Products;
			sourceTree = "<group>";
		};
		1DF14ACA2C03C0810053E897 /* Preview Content */ = {
			isa = PBXGroup;
			children = (
				1DF14AC92C03C0810053E897 /* Preview Assets.xcassets */,
			);
			path = "Preview Content";
			sourceTree = "<group>";
		};
		1DF14AD22C03C0810053E897 /* cx.srd.imagegenerator-xnu-demo */ = {
			isa = PBXGroup;
			children = (
				1DFF90382C03CD3D00011940 /* cx-srd-imagegenerator-xnu-demo-Info.plist */,
				1DF14ACA2C03C0810053E897 /* Preview Content */,
				1DF14ACB2C03C0810053E897 /* Assets.xcassets */,
				1DF14ACC2C03C0810053E897 /* ContentView.swift */,
				1DF14ADA2C03C0AA0053E897 /* 2225.jpg */,
				1DF14ADC2C03C0EB0053E897 /* Flowers.exr */,
				1DF14ACD2C03C0810053E897 /* cx_srd_imagegenerator_xnu_demo.entitlements */,
				1DF14ACE2C03C0810053E897 /* cx_srd_imagegenerator_xnu_demoApp.swift */,
				1DF14ACF2C03C0810053E897 /* LaunchScreen.storyboard */,
				1DF14AD02C03C0810053E897 /* SceneDelegate.swift */,
				1DF14AD12C03C0810053E897 /* ViewController.swift */,
			);
			path = "cx.srd.imagegenerator-xnu-demo";
			sourceTree = "<group>";
		};
/* End PBXGroup section */

/* Begin PBXNativeTarget section */
		1D9CE94C2C03D4AA00D7514D /* XNU Image Generator for iOS */ = {
			isa = PBXNativeTarget;
			buildConfigurationList = 1D9CE95E2C03D4AB00D7514D /* Build configuration list for PBXNativeTarget "XNU Image Generator for iOS" */;
			buildPhases = (
				1D9CE9492C03D4AA00D7514D /* Sources */,
				1D9CE94A2C03D4AA00D7514D /* Frameworks */,
				1D9CE94B2C03D4AA00D7514D /* Resources */,
			);
			buildRules = (
			);
			dependencies = (
			);
			name = "XNU Image Generator for iOS";
			productName = "XNU Image Generator for iOS";
			productReference = 1D9CE94D2C03D4AA00D7514D /* XNU Image Generator for iOS.app */;
			productType = "com.apple.product-type.application";
		};
/* End PBXNativeTarget section */

/* Begin PBXProject section */
		1DE208F72B867C4700A3C0D5 /* Project object */ = {
			isa = PBXProject;
			attributes = {
				BuildIndependentTargetsInParallel = 1;
				LastSwiftUpdateCheck = 1540;
				LastUpgradeCheck = 1520;
				TargetAttributes = {
					1D9CE94C2C03D4AA00D7514D = {
						CreatedOnToolsVersion = 15.4;
					};
				};
			};
			buildConfigurationList = 1DE208FA2B867C4700A3C0D5 /* Build configuration list for PBXProject "XNU Image Generator for iOS" */;
			compatibilityVersion = "Xcode 14.0";
			developmentRegion = en;
			hasScannedForEncodings = 0;
			knownRegions = (
				en,
				Base,
			);
			mainGroup = 1DE208F62B867C4700A3C0D5;
			productRefGroup = 1DE209002B867C4700A3C0D5 /* Products */;
			projectDirPath = "";
			projectRoot = "";
			targets = (
				1D9CE94C2C03D4AA00D7514D /* XNU Image Generator for iOS */,
			);
		};
/* End PBXProject section */

/* Begin PBXResourcesBuildPhase section */
		1D9CE94B2C03D4AA00D7514D /* Resources */ = {
			isa = PBXResourcesBuildPhase;
			buildActionMask = 2147483647;
			files = (
				1D9CE9592C03D4AB00D7514D /* Assets.xcassets in Resources */,
				1D9CE95C2C03D4AB00D7514D /* Base in Resources */,
				1D9CE9572C03D4AA00D7514D /* Base in Resources */,
			);
			runOnlyForDeploymentPostprocessing = 0;
		};
/* End PBXResourcesBuildPhase section */

/* Begin PBXSourcesBuildPhase section */
		1D9CE9492C03D4AA00D7514D /* Sources */ = {
			isa = PBXSourcesBuildPhase;
			buildActionMask = 2147483647;
			files = (
				1D9CE9542C03D4AA00D7514D /* ViewController.swift in Sources */,
				1D9CE9502C03D4AA00D7514D /* AppDelegate.swift in Sources */,
				1D9CE9522C03D4AA00D7514D /* SceneDelegate.swift in Sources */,
			);
			runOnlyForDeploymentPostprocessing = 0;
		};
/* End PBXSourcesBuildPhase section */

/* Begin PBXVariantGroup section */
		1D9CE9552C03D4AA00D7514D /* Main.storyboard */ = {
			isa = PBXVariantGroup;
			children = (
				1D9CE9562C03D4AA00D7514D /* Base */,
			);
			name = Main.storyboard;
			sourceTree = "<group>";
		};
		1D9CE95A2C03D4AB00D7514D /* LaunchScreen.storyboard */ = {
			isa = PBXVariantGroup;
			children = (
				1D9CE95B2C03D4AB00D7514D /* Base */,
			);
			name = LaunchScreen.storyboard;
			sourceTree = "<group>";
		};
/* End PBXVariantGroup section */

/* Begin XCBuildConfiguration section */
		1D9CE95F2C03D4AB00D7514D /* Debug */ = {
			isa = XCBuildConfiguration;
			buildSettings = {
				ALWAYS_SEARCH_USER_PATHS = NO;
				ASSETCATALOG_COMPILER_APPICON_NAME = AppIcon;
				ASSETCATALOG_COMPILER_GLOBAL_ACCENT_COLOR_NAME = AccentColor;
				CODE_SIGN_STYLE = Automatic;
				CURRENT_PROJECT_VERSION = 1;
				DEVELOPMENT_TEAM = 7KJ5XYCA8X;
				GENERATE_INFOPLIST_FILE = YES;
				INFOPLIST_FILE = "XNU Image Generator for iOS/Info.plist";
				INFOPLIST_KEY_UIApplicationSupportsIndirectInputEvents = YES;
				INFOPLIST_KEY_UILaunchStoryboardName = LaunchScreen;
				INFOPLIST_KEY_UIMainStoryboardFile = Main;
				INFOPLIST_KEY_UISupportedInterfaceOrientations_iPad = "UIInterfaceOrientationPortrait UIInterfaceOrientationPortraitUpsideDown UIInterfaceOrientationLandscapeLeft UIInterfaceOrientationLandscapeRight";
				INFOPLIST_KEY_UISupportedInterfaceOrientations_iPhone = "UIInterfaceOrientationPortrait UIInterfaceOrientationLandscapeLeft UIInterfaceOrientationLandscapeRight";
				LD_RUNPATH_SEARCH_PATHS = (
					"$(inherited)",
					"@executable_path/Frameworks",
				);
				MARKETING_VERSION = 1.0;
				PRODUCT_BUNDLE_IDENTIFIER = "cx.srd.xnuimagegenerator-ios.XNU-Image-Generator-for-iOS";
				PRODUCT_NAME = "$(TARGET_NAME)";
				SWIFT_ACTIVE_COMPILATION_CONDITIONS = "DEBUG $(inherited)";
				SWIFT_EMIT_LOC_STRINGS = YES;
				SWIFT_OPTIMIZATION_LEVEL = "-Onone";
				SWIFT_VERSION = 5.0;
				TARGETED_DEVICE_FAMILY = "1,2";
			};
			name = Debug;
		};
		1D9CE9602C03D4AB00D7514D /* Release */ = {
			isa = XCBuildConfiguration;
			buildSettings = {
				ALWAYS_SEARCH_USER_PATHS = NO;
				ASSETCATALOG_COMPILER_APPICON_NAME = AppIcon;
				ASSETCATALOG_COMPILER_GLOBAL_ACCENT_COLOR_NAME = AccentColor;
				CODE_SIGN_STYLE = Automatic;
				CURRENT_PROJECT_VERSION = 1;
				DEVELOPMENT_TEAM = 7KJ5XYCA8X;
				GENERATE_INFOPLIST_FILE = YES;
				INFOPLIST_FILE = "XNU Image Generator for iOS/Info.plist";
				INFOPLIST_KEY_UIApplicationSupportsIndirectInputEvents = YES;
				INFOPLIST_KEY_UILaunchStoryboardName = LaunchScreen;
				INFOPLIST_KEY_UIMainStoryboardFile = Main;
				INFOPLIST_KEY_UISupportedInterfaceOrientations_iPad = "UIInterfaceOrientationPortrait UIInterfaceOrientationPortraitUpsideDown UIInterfaceOrientationLandscapeLeft UIInterfaceOrientationLandscapeRight";
				INFOPLIST_KEY_UISupportedInterfaceOrientations_iPhone = "UIInterfaceOrientationPortrait UIInterfaceOrientationLandscapeLeft UIInterfaceOrientationLandscapeRight";
				LD_RUNPATH_SEARCH_PATHS = (
					"$(inherited)",
					"@executable_path/Frameworks",
				);
				MARKETING_VERSION = 1.0;
				PRODUCT_BUNDLE_IDENTIFIER = "cx.srd.xnuimagegenerator-ios.XNU-Image-Generator-for-iOS";
				PRODUCT_NAME = "$(TARGET_NAME)";
				SWIFT_COMPILATION_MODE = wholemodule;
				SWIFT_EMIT_LOC_STRINGS = YES;
				SWIFT_VERSION = 5.0;
				TARGETED_DEVICE_FAMILY = "1,2";
			};
			name = Release;
		};
		1DE2092C2B867C4800A3C0D5 /* Debug */ = {
			isa = XCBuildConfiguration;
			buildSettings = {
				ALLOW_TARGET_PLATFORM_SPECIALIZATION = YES;
				ALWAYS_SEARCH_USER_PATHS = YES;
				ASSETCATALOG_COMPILER_GENERATE_SWIFT_ASSET_SYMBOL_EXTENSIONS = YES;
				CLANG_ANALYZER_NONNULL = YES;
				CLANG_ANALYZER_NUMBER_OBJECT_CONVERSION = YES_AGGRESSIVE;
				CLANG_CXX_LANGUAGE_STANDARD = "gnu++20";
				CLANG_ENABLE_MODULES = YES;
				CLANG_ENABLE_OBJC_ARC = YES;
				CLANG_ENABLE_OBJC_WEAK = YES;
				CLANG_WARN_BLOCK_CAPTURE_AUTORELEASING = YES;
				CLANG_WARN_BOOL_CONVERSION = YES;
				CLANG_WARN_COMMA = YES;
				CLANG_WARN_CONSTANT_CONVERSION = YES;
				CLANG_WARN_DEPRECATED_OBJC_IMPLEMENTATIONS = YES;
				CLANG_WARN_DIRECT_OBJC_ISA_USAGE = YES_ERROR;
				CLANG_WARN_DOCUMENTATION_COMMENTS = YES;
				CLANG_WARN_EMPTY_BODY = YES;
				CLANG_WARN_ENUM_CONVERSION = YES;
				CLANG_WARN_INFINITE_RECURSION = YES;
				CLANG_WARN_INT_CONVERSION = YES;
				CLANG_WARN_NON_LITERAL_NULL_CONVERSION = YES;
				CLANG_WARN_OBJC_IMPLICIT_RETAIN_SELF = YES;
				CLANG_WARN_OBJC_LITERAL_CONVERSION = YES;
				CLANG_WARN_OBJC_ROOT_CLASS = YES_ERROR;
				CLANG_WARN_QUOTED_INCLUDE_IN_FRAMEWORK_HEADER = YES;
				CLANG_WARN_RANGE_LOOP_ANALYSIS = YES;
				CLANG_WARN_STRICT_PROTOTYPES = YES;
				CLANG_WARN_SUSPICIOUS_MOVE = YES;
				CLANG_WARN_UNGUARDED_AVAILABILITY = YES_AGGRESSIVE;
				CLANG_WARN_UNREACHABLE_CODE = YES;
				CLANG_WARN__DUPLICATE_METHOD_MATCH = YES;
				COPY_PHASE_STRIP = NO;
				DEBUG_INFORMATION_FORMAT = dwarf;
				ENABLE_APP_SANDBOX = NO;
				ENABLE_STRICT_OBJC_MSGSEND = YES;
				ENABLE_TESTABILITY = YES;
				ENABLE_USER_SCRIPT_SANDBOXING = YES;
				ENABLE_USER_SELECTED_FILES = "";
				GCC_C_LANGUAGE_STANDARD = gnu17;
				GCC_DYNAMIC_NO_PIC = NO;
				GCC_NO_COMMON_BLOCKS = YES;
				GCC_OPTIMIZATION_LEVEL = 0;
				GCC_PREPROCESSOR_DEFINITIONS = (
					"DEBUG=1",
					"$(inherited)",
				);
				GCC_WARN_64_TO_32_BIT_CONVERSION = YES;
				GCC_WARN_ABOUT_RETURN_TYPE = YES_ERROR;
				GCC_WARN_UNDECLARED_SELECTOR = YES;
				GCC_WARN_UNINITIALIZED_AUTOS = YES_AGGRESSIVE;
				GCC_WARN_UNUSED_FUNCTION = YES;
				GCC_WARN_UNUSED_VARIABLE = YES;
				GENERATE_PROFILING_CODE = YES;
				INFOPLIST_KEY_LSApplicationCategoryType = "public.app-category.developer-tools";
				INFOPLIST_KEY_LSSupportsOpeningDocumentsInPlace = YES;
				INFOPLIST_KEY_NSDocumentsFolderUsageDescription = "Doc Folder Desc in Privacy";
				INFOPLIST_KEY_NSStickerSharingLevel = OS;
				IPHONEOS_DEPLOYMENT_TARGET = 17.5;
				LOCALIZATION_PREFERS_STRING_CATALOGS = YES;
				MTL_ENABLE_DEBUG_INFO = INCLUDE_SOURCE;
				MTL_FAST_MATH = YES;
				ONLY_ACTIVE_ARCH = YES;
				SDKROOT = iphoneos;
				SUPPORTED_PLATFORMS = "iphonesimulator iphoneos";
				SUPPORTS_MACCATALYST = YES;
				SWIFT_VERSION = 5.0;
			};
			name = Debug;
		};
		1DE2092D2B867C4800A3C0D5 /* Release */ = {
			isa = XCBuildConfiguration;
			buildSettings = {
				ALLOW_TARGET_PLATFORM_SPECIALIZATION = YES;
				ALWAYS_SEARCH_USER_PATHS = YES;
				ASSETCATALOG_COMPILER_GENERATE_SWIFT_ASSET_SYMBOL_EXTENSIONS = YES;
				CLANG_ANALYZER_NONNULL = YES;
				CLANG_ANALYZER_NUMBER_OBJECT_CONVERSION = YES_AGGRESSIVE;
				CLANG_CXX_LANGUAGE_STANDARD = "gnu++20";
				CLANG_ENABLE_MODULES = YES;
				CLANG_ENABLE_OBJC_ARC = YES;
				CLANG_ENABLE_OBJC_WEAK = YES;
				CLANG_WARN_BLOCK_CAPTURE_AUTORELEASING = YES;
				CLANG_WARN_BOOL_CONVERSION = YES;
				CLANG_WARN_COMMA = YES;
				CLANG_WARN_CONSTANT_CONVERSION = YES;
				CLANG_WARN_DEPRECATED_OBJC_IMPLEMENTATIONS = YES;
				CLANG_WARN_DIRECT_OBJC_ISA_USAGE = YES_ERROR;
				CLANG_WARN_DOCUMENTATION_COMMENTS = YES;
				CLANG_WARN_EMPTY_BODY = YES;
				CLANG_WARN_ENUM_CONVERSION = YES;
				CLANG_WARN_INFINITE_RECURSION = YES;
				CLANG_WARN_INT_CONVERSION = YES;
				CLANG_WARN_NON_LITERAL_NULL_CONVERSION = YES;
				CLANG_WARN_OBJC_IMPLICIT_RETAIN_SELF = YES;
				CLANG_WARN_OBJC_LITERAL_CONVERSION = YES;
				CLANG_WARN_OBJC_ROOT_CLASS = YES_ERROR;
				CLANG_WARN_QUOTED_INCLUDE_IN_FRAMEWORK_HEADER = YES;
				CLANG_WARN_RANGE_LOOP_ANALYSIS = YES;
				CLANG_WARN_STRICT_PROTOTYPES = YES;
				CLANG_WARN_SUSPICIOUS_MOVE = YES;
				CLANG_WARN_UNGUARDED_AVAILABILITY = YES_AGGRESSIVE;
				CLANG_WARN_UNREACHABLE_CODE = YES;
				CLANG_WARN__DUPLICATE_METHOD_MATCH = YES;
				COPY_PHASE_STRIP = NO;
				DEBUG_INFORMATION_FORMAT = "dwarf-with-dsym";
				ENABLE_APP_SANDBOX = NO;
				ENABLE_NS_ASSERTIONS = NO;
				ENABLE_STRICT_OBJC_MSGSEND = YES;
				ENABLE_USER_SCRIPT_SANDBOXING = YES;
				ENABLE_USER_SELECTED_FILES = "";
				GCC_C_LANGUAGE_STANDARD = gnu17;
				GCC_NO_COMMON_BLOCKS = YES;
				GCC_WARN_64_TO_32_BIT_CONVERSION = YES;
				GCC_WARN_ABOUT_RETURN_TYPE = YES_ERROR;
				GCC_WARN_UNDECLARED_SELECTOR = YES;
				GCC_WARN_UNINITIALIZED_AUTOS = YES_AGGRESSIVE;
				GCC_WARN_UNUSED_FUNCTION = YES;
				GCC_WARN_UNUSED_VARIABLE = YES;
				GENERATE_PROFILING_CODE = YES;
				IPHONEOS_DEPLOYMENT_TARGET = 17.5;
				LOCALIZATION_PREFERS_STRING_CATALOGS = YES;
				MTL_ENABLE_DEBUG_INFO = NO;
				MTL_FAST_MATH = YES;
				ONLY_ACTIVE_ARCH = YES;
				SDKROOT = iphoneos;
				SUPPORTED_PLATFORMS = "iphonesimulator iphoneos";
				SUPPORTS_MACCATALYST = YES;
				SWIFT_VERSION = 5.0;
				VALIDATE_PRODUCT = YES;
			};
			name = Release;
		};
/* End XCBuildConfiguration section */

/* Begin XCConfigurationList section */
		1D9CE95E2C03D4AB00D7514D /* Build configuration list for PBXNativeTarget "XNU Image Generator for iOS" */ = {
			isa = XCConfigurationList;
			buildConfigurations = (
				1D9CE95F2C03D4AB00D7514D /* Debug */,
				1D9CE9602C03D4AB00D7514D /* Release */,
			);
			defaultConfigurationIsVisible = 0;
			defaultConfigurationName = Release;
		};
		1DE208FA2B867C4700A3C0D5 /* Build configuration list for PBXProject "XNU Image Generator for iOS" */ = {
			isa = XCConfigurationList;
			buildConfigurations = (
				1DE2092C2B867C4800A3C0D5 /* Debug */,
				1DE2092D2B867C4800A3C0D5 /* Release */,
			);
			defaultConfigurationIsVisible = 0;
			defaultConfigurationName = Release;
		};
/* End XCConfigurationList section */
	};
	rootObject = 1DE208F72B867C4700A3C0D5 /* Project object */;
}
