// !$*UTF8*$!
{
	archiveVersion = 1;
	classes = {
	};
	objectVersion = 56;
	objects = {

/* Begin PBXBuildFile section */
		1D5CD4052C03AB2B00D3BACE /* Main.storyboard in Resources */ = {isa = PBXBuildFile; fileRef = 1D5CD4042C03AB2B00D3BACE /* Main.storyboard */; };
		1DC3374E2C03A37F00689015 /* LICENSE in Resources */ = {isa = PBXBuildFile; fileRef = 1DC337412C03A37F00689015 /* LICENSE */; };
		1DC3374F2C03A37F00689015 /* README.md in Resources */ = {isa = PBXBuildFile; fileRef = 1DC337422C03A37F00689015 /* README.md */; };
		1DC337512C03A37F00689015 /* Preview Assets.xcassets in Resources */ = {isa = PBXBuildFile; fileRef = 1DC337442C03A37F00689015 /* Preview Assets.xcassets */; };
		1DC337532C03A37F00689015 /* ContentView.swift in Sources */ = {isa = PBXBuildFile; fileRef = 1DC337472C03A37F00689015 /* ContentView.swift */; };
		1DC337542C03A37F00689015 /* cx_srd_imagegenerator_xnu_demoApp.swift in Sources */ = {isa = PBXBuildFile; fileRef = 1DC337492C03A37F00689015 /* cx_srd_imagegenerator_xnu_demoApp.swift */; };
		1DC337552C03A37F00689015 /* LaunchScreen.storyboard in Resources */ = {isa = PBXBuildFile; fileRef = 1DC3374A2C03A37F00689015 /* LaunchScreen.storyboard */; };
		1DC337562C03A37F00689015 /* SceneDelegate.swift in Sources */ = {isa = PBXBuildFile; fileRef = 1DC3374B2C03A37F00689015 /* SceneDelegate.swift */; };
		1DC337572C03A37F00689015 /* ViewController.swift in Sources */ = {isa = PBXBuildFile; fileRef = 1DC3374C2C03A37F00689015 /* ViewController.swift */; };
		1DC3375E2C03A61A00689015 /* Assets.xcassets in Resources */ = {isa = PBXBuildFile; fileRef = 1DC3375D2C03A61A00689015 /* Assets.xcassets */; };
/* End PBXBuildFile section */

/* Begin PBXFileReference section */
		1D5CD4042C03AB2B00D3BACE /* Main.storyboard */ = {isa = PBXFileReference; fileEncoding = 4; lastKnownFileType = file.storyboard; path = Main.storyboard; sourceTree = "<group>"; };
		1DC336D92C03981000689015 /* XNU Image Generator for iOS.app */ = {isa = PBXFileReference; explicitFileType = wrapper.application; includeInIndex = 0; path = "XNU Image Generator for iOS.app"; sourceTree = BUILT_PRODUCTS_DIR; };
		1DC337412C03A37F00689015 /* LICENSE */ = {isa = PBXFileReference; fileEncoding = 4; lastKnownFileType = text; path = LICENSE; sourceTree = "<group>"; };
		1DC337422C03A37F00689015 /* README.md */ = {isa = PBXFileReference; fileEncoding = 4; lastKnownFileType = net.daringfireball.markdown; path = README.md; sourceTree = "<group>"; };
		1DC337432C03A37F00689015 /* cx-srd-imagegenerator-xnu-demo-Info.plist */ = {isa = PBXFileReference; fileEncoding = 4; lastKnownFileType = text.plist.xml; path = "cx-srd-imagegenerator-xnu-demo-Info.plist"; sourceTree = "<group>"; };
		1DC337442C03A37F00689015 /* Preview Assets.xcassets */ = {isa = PBXFileReference; lastKnownFileType = folder.assetcatalog; path = "Preview Assets.xcassets"; sourceTree = "<group>"; };
		1DC337472C03A37F00689015 /* ContentView.swift */ = {isa = PBXFileReference; fileEncoding = 4; lastKnownFileType = sourcecode.swift; path = ContentView.swift; sourceTree = "<group>"; };
		1DC337482C03A37F00689015 /* cx_srd_imagegenerator_xnu_demo.entitlements */ = {isa = PBXFileReference; fileEncoding = 4; lastKnownFileType = text.plist.entitlements; path = cx_srd_imagegenerator_xnu_demo.entitlements; sourceTree = "<group>"; };
		1DC337492C03A37F00689015 /* cx_srd_imagegenerator_xnu_demoApp.swift */ = {isa = PBXFileReference; fileEncoding = 4; lastKnownFileType = sourcecode.swift; path = cx_srd_imagegenerator_xnu_demoApp.swift; sourceTree = "<group>"; };
		1DC3374A2C03A37F00689015 /* LaunchScreen.storyboard */ = {isa = PBXFileReference; fileEncoding = 4; lastKnownFileType = file.storyboard; path = LaunchScreen.storyboard; sourceTree = "<group>"; };
		1DC3374B2C03A37F00689015 /* SceneDelegate.swift */ = {isa = PBXFileReference; fileEncoding = 4; lastKnownFileType = sourcecode.swift; path = SceneDelegate.swift; sourceTree = "<group>"; };
		1DC3374C2C03A37F00689015 /* ViewController.swift */ = {isa = PBXFileReference; fileEncoding = 4; lastKnownFileType = sourcecode.swift; path = ViewController.swift; sourceTree = "<group>"; };
		1DC3375D2C03A61A00689015 /* Assets.xcassets */ = {isa = PBXFileReference; lastKnownFileType = folder.assetcatalog; name = Assets.xcassets; path = ../../../../../Pictures/asset_collection/Assets.xcassets; sourceTree = "<group>"; };
/* End PBXFileReference section */

/* Begin PBXFrameworksBuildPhase section */
		1DC336D62C03981000689015 /* Frameworks */ = {
			isa = PBXFrameworksBuildPhase;
			buildActionMask = 2147483647;
			files = (
			);
			runOnlyForDeploymentPostprocessing = 0;
		};
/* End PBXFrameworksBuildPhase section */

/* Begin PBXGroup section */
		1D83529B2BFD65F300E42AE1 = {
			isa = PBXGroup;
			children = (
				1DC337432C03A37F00689015 /* cx-srd-imagegenerator-xnu-demo-Info.plist */,
				1DC3374D2C03A37F00689015 /* cx.srd.imagegenerator-xnu-demo */,
				1DC337412C03A37F00689015 /* LICENSE */,
				1DC337422C03A37F00689015 /* README.md */,
				1D8352A52BFD65F300E42AE1 /* Products */,
			);
			sourceTree = "<group>";
		};
		1D8352A52BFD65F300E42AE1 /* Products */ = {
			isa = PBXGroup;
			children = (
				1DC336D92C03981000689015 /* XNU Image Generator for iOS.app */,
			);
			name = Products;
			sourceTree = "<group>";
		};
		1DC337452C03A37F00689015 /* Preview Content */ = {
			isa = PBXGroup;
			children = (
				1DC337442C03A37F00689015 /* Preview Assets.xcassets */,
			);
			path = "Preview Content";
			sourceTree = "<group>";
		};
		1DC3374D2C03A37F00689015 /* cx.srd.imagegenerator-xnu-demo */ = {
			isa = PBXGroup;
			children = (
				1D5CD4042C03AB2B00D3BACE /* Main.storyboard */,
				1DC3375D2C03A61A00689015 /* Assets.xcassets */,
				1DC337452C03A37F00689015 /* Preview Content */,
				1DC337472C03A37F00689015 /* ContentView.swift */,
				1DC337482C03A37F00689015 /* cx_srd_imagegenerator_xnu_demo.entitlements */,
				1DC337492C03A37F00689015 /* cx_srd_imagegenerator_xnu_demoApp.swift */,
				1DC3374A2C03A37F00689015 /* LaunchScreen.storyboard */,
				1DC3374B2C03A37F00689015 /* SceneDelegate.swift */,
				1DC3374C2C03A37F00689015 /* ViewController.swift */,
			);
			path = "cx.srd.imagegenerator-xnu-demo";
			sourceTree = "<group>";
		};
/* End PBXGroup section */

/* Begin PBXNativeTarget section */
		1DC336D82C03981000689015 /* XNU Image Generator for iOS */ = {
			isa = PBXNativeTarget;
			buildConfigurationList = 1DC336EA2C03981100689015 /* Build configuration list for PBXNativeTarget "XNU Image Generator for iOS" */;
			buildPhases = (
				1DC336D52C03981000689015 /* Sources */,
				1DC336D62C03981000689015 /* Frameworks */,
				1DC336D72C03981000689015 /* Resources */,
			);
			buildRules = (
			);
			dependencies = (
			);
			name = "XNU Image Generator for iOS";
			productName = "XNU Image Generator for iOS";
			productReference = 1DC336D92C03981000689015 /* XNU Image Generator for iOS.app */;
			productType = "com.apple.product-type.application";
		};
/* End PBXNativeTarget section */

/* Begin PBXProject section */
		1D83529C2BFD65F300E42AE1 /* Project object */ = {
			isa = PBXProject;
			attributes = {
				BuildIndependentTargetsInParallel = 1;
				LastSwiftUpdateCheck = 1540;
				LastUpgradeCheck = 1540;
				TargetAttributes = {
					1DC336D82C03981000689015 = {
						CreatedOnToolsVersion = 15.4;
					};
				};
			};
			buildConfigurationList = 1D83529F2BFD65F300E42AE1 /* Build configuration list for PBXProject "XNU Image Generator for iOS" */;
			compatibilityVersion = "Xcode 14.0";
			developmentRegion = en;
			hasScannedForEncodings = 0;
			knownRegions = (
				en,
				Base,
			);
			mainGroup = 1D83529B2BFD65F300E42AE1;
			productRefGroup = 1D8352A52BFD65F300E42AE1 /* Products */;
			projectDirPath = "";
			projectRoot = "";
			targets = (
				1DC336D82C03981000689015 /* XNU Image Generator for iOS */,
			);
		};
/* End PBXProject section */

/* Begin PBXResourcesBuildPhase section */
		1DC336D72C03981000689015 /* Resources */ = {
			isa = PBXResourcesBuildPhase;
			buildActionMask = 2147483647;
			files = (
				1DC337512C03A37F00689015 /* Preview Assets.xcassets in Resources */,
				1DC3374F2C03A37F00689015 /* README.md in Resources */,
				1DC3374E2C03A37F00689015 /* LICENSE in Resources */,
				1D5CD4052C03AB2B00D3BACE /* Main.storyboard in Resources */,
				1DC337552C03A37F00689015 /* LaunchScreen.storyboard in Resources */,
				1DC3375E2C03A61A00689015 /* Assets.xcassets in Resources */,
			);
			runOnlyForDeploymentPostprocessing = 0;
		};
/* End PBXResourcesBuildPhase section */

/* Begin PBXSourcesBuildPhase section */
		1DC336D52C03981000689015 /* Sources */ = {
			isa = PBXSourcesBuildPhase;
			buildActionMask = 2147483647;
			files = (
				1DC337532C03A37F00689015 /* ContentView.swift in Sources */,
				1DC337542C03A37F00689015 /* cx_srd_imagegenerator_xnu_demoApp.swift in Sources */,
				1DC337572C03A37F00689015 /* ViewController.swift in Sources */,
				1DC337562C03A37F00689015 /* SceneDelegate.swift in Sources */,
			);
			runOnlyForDeploymentPostprocessing = 0;
		};
/* End PBXSourcesBuildPhase section */

/* Begin XCBuildConfiguration section */
		1D8352B12BFD65F400E42AE1 /* Debug */ = {
			isa = XCBuildConfiguration;
			buildSettings = {
				ALWAYS_SEARCH_USER_PATHS = NO;
				ASSETCATALOG_COMPILER_GENERATE_SWIFT_ASSET_SYMBOL_EXTENSIONS = YES;
				CLANG_ANALYZER_GCD_PERFORMANCE = YES;
				CLANG_ANALYZER_LOCALIZABILITY_EMPTY_CONTEXT = YES;
				CLANG_ANALYZER_LOCALIZABILITY_NONLOCALIZED = YES;
				CLANG_ANALYZER_NONNULL = YES;
				CLANG_ANALYZER_NUMBER_OBJECT_CONVERSION = YES_AGGRESSIVE;
				CLANG_ANALYZER_OSOBJECT_C_STYLE_CAST = YES;
				CLANG_CXX_LANGUAGE_STANDARD = "gnu++20";
				CLANG_ENABLE_MODULES = YES;
				CLANG_ENABLE_OBJC_ARC = YES;
				CLANG_ENABLE_OBJC_WEAK = YES;
				CLANG_STATIC_ANALYZER_MODE = deep;
				CLANG_WARN_BLOCK_CAPTURE_AUTORELEASING = YES;
				CLANG_WARN_BOOL_CONVERSION = YES;
				CLANG_WARN_COMMA = YES;
				CLANG_WARN_CONSTANT_CONVERSION = YES;
				CLANG_WARN_DEPRECATED_OBJC_IMPLEMENTATIONS = YES;
				CLANG_WARN_DIRECT_OBJC_ISA_USAGE = YES_ERROR;
				CLANG_WARN_DOCUMENTATION_COMMENTS = YES;
				CLANG_WARN_EMPTY_BODY = YES;
				CLANG_WARN_ENUM_CONVERSION = YES;
				CLANG_WARN_INFINITE_RECURSION = YES;
				CLANG_WARN_INT_CONVERSION = YES;
				CLANG_WARN_NON_LITERAL_NULL_CONVERSION = YES;
				CLANG_WARN_OBJC_IMPLICIT_RETAIN_SELF = YES;
				CLANG_WARN_OBJC_LITERAL_CONVERSION = YES;
				CLANG_WARN_OBJC_ROOT_CLASS = YES_ERROR;
				CLANG_WARN_QUOTED_INCLUDE_IN_FRAMEWORK_HEADER = YES;
				CLANG_WARN_RANGE_LOOP_ANALYSIS = YES;
				CLANG_WARN_STRICT_PROTOTYPES = YES;
				CLANG_WARN_SUSPICIOUS_MOVE = YES;
				CLANG_WARN_UNGUARDED_AVAILABILITY = YES_AGGRESSIVE;
				CLANG_WARN_UNREACHABLE_CODE = YES;
				CLANG_WARN__DUPLICATE_METHOD_MATCH = YES;
				COPY_PHASE_STRIP = NO;
				DEBUG_INFORMATION_FORMAT = dwarf;
				ENABLE_APP_SANDBOX = NO;
				ENABLE_STRICT_OBJC_MSGSEND = YES;
				ENABLE_TESTABILITY = YES;
				ENABLE_USER_SCRIPT_SANDBOXING = YES;
				GCC_C_LANGUAGE_STANDARD = gnu17;
				GCC_DYNAMIC_NO_PIC = NO;
				GCC_NO_COMMON_BLOCKS = YES;
				GCC_OPTIMIZATION_LEVEL = 0;
				GCC_PREPROCESSOR_DEFINITIONS = (
					"DEBUG=1",
					"$(inherited)",
				);
				GCC_WARN_64_TO_32_BIT_CONVERSION = YES;
				GCC_WARN_ABOUT_RETURN_TYPE = YES_ERROR;
				GCC_WARN_UNDECLARED_SELECTOR = YES;
				GCC_WARN_UNINITIALIZED_AUTOS = YES_AGGRESSIVE;
				GCC_WARN_UNUSED_FUNCTION = YES;
				GCC_WARN_UNUSED_VARIABLE = YES;
				INFOPLIST_KEY_LSApplicationCategoryType = "public.app-category.developer-tools";
				INFOPLIST_KEY_LSSupportsOpeningDocumentsInPlace = YES;
				INFOPLIST_KEY_NSDocumentsFolderUsageDescription = "Doc Folder Desc in Privacy";
				INFOPLIST_KEY_NSStickerSharingLevel = OS;
				LOCALIZATION_PREFERS_STRING_CATALOGS = YES;
				MTL_ENABLE_DEBUG_INFO = INCLUDE_SOURCE;
				MTL_FAST_MATH = YES;
				ONLY_ACTIVE_ARCH = NO;
				RUN_CLANG_STATIC_ANALYZER = YES;
				SWIFT_ACTIVE_COMPILATION_CONDITIONS = "DEBUG $(inherited)";
				SWIFT_OPTIMIZATION_LEVEL = "-Onone";
			};
			name = Debug;
		};
		1D8352B22BFD65F400E42AE1 /* Release */ = {
			isa = XCBuildConfiguration;
			buildSettings = {
				ALWAYS_SEARCH_USER_PATHS = NO;
				ASSETCATALOG_COMPILER_GENERATE_SWIFT_ASSET_SYMBOL_EXTENSIONS = YES;
				CLANG_ANALYZER_GCD_PERFORMANCE = YES;
				CLANG_ANALYZER_LOCALIZABILITY_EMPTY_CONTEXT = YES;
				CLANG_ANALYZER_LOCALIZABILITY_NONLOCALIZED = YES;
				CLANG_ANALYZER_NONNULL = YES;
				CLANG_ANALYZER_NUMBER_OBJECT_CONVERSION = YES_AGGRESSIVE;
				CLANG_ANALYZER_OSOBJECT_C_STYLE_CAST = YES;
				CLANG_CXX_LANGUAGE_STANDARD = "gnu++20";
				CLANG_ENABLE_MODULES = YES;
				CLANG_ENABLE_OBJC_ARC = YES;
				CLANG_ENABLE_OBJC_WEAK = YES;
				CLANG_STATIC_ANALYZER_MODE = deep;
				CLANG_WARN_BLOCK_CAPTURE_AUTORELEASING = YES;
				CLANG_WARN_BOOL_CONVERSION = YES;
				CLANG_WARN_COMMA = YES;
				CLANG_WARN_CONSTANT_CONVERSION = YES;
				CLANG_WARN_DEPRECATED_OBJC_IMPLEMENTATIONS = YES;
				CLANG_WARN_DIRECT_OBJC_ISA_USAGE = YES_ERROR;
				CLANG_WARN_DOCUMENTATION_COMMENTS = YES;
				CLANG_WARN_EMPTY_BODY = YES;
				CLANG_WARN_ENUM_CONVERSION = YES;
				CLANG_WARN_INFINITE_RECURSION = YES;
				CLANG_WARN_INT_CONVERSION = YES;
				CLANG_WARN_NON_LITERAL_NULL_CONVERSION = YES;
				CLANG_WARN_OBJC_IMPLICIT_RETAIN_SELF = YES;
				CLANG_WARN_OBJC_LITERAL_CONVERSION = YES;
				CLANG_WARN_OBJC_ROOT_CLASS = YES_ERROR;
				CLANG_WARN_QUOTED_INCLUDE_IN_FRAMEWORK_HEADER = YES;
				CLANG_WARN_RANGE_LOOP_ANALYSIS = YES;
				CLANG_WARN_STRICT_PROTOTYPES = YES;
				CLANG_WARN_SUSPICIOUS_MOVE = YES;
				CLANG_WARN_UNGUARDED_AVAILABILITY = YES_AGGRESSIVE;
				CLANG_WARN_UNREACHABLE_CODE = YES;
				CLANG_WARN__DUPLICATE_METHOD_MATCH = YES;
				COPY_PHASE_STRIP = NO;
				DEBUG_INFORMATION_FORMAT = "dwarf-with-dsym";
				ENABLE_APP_SANDBOX = NO;
				ENABLE_NS_ASSERTIONS = NO;
				ENABLE_STRICT_OBJC_MSGSEND = YES;
				ENABLE_USER_SCRIPT_SANDBOXING = YES;
				GCC_C_LANGUAGE_STANDARD = gnu17;
				GCC_NO_COMMON_BLOCKS = YES;
				GCC_WARN_64_TO_32_BIT_CONVERSION = YES;
				GCC_WARN_ABOUT_RETURN_TYPE = YES_ERROR;
				GCC_WARN_UNDECLARED_SELECTOR = YES;
				GCC_WARN_UNINITIALIZED_AUTOS = YES_AGGRESSIVE;
				GCC_WARN_UNUSED_FUNCTION = YES;
				GCC_WARN_UNUSED_VARIABLE = YES;
				INFOPLIST_KEY_LSApplicationCategoryType = "public.app-category.developer-tools";
				INFOPLIST_KEY_LSSupportsOpeningDocumentsInPlace = YES;
				LOCALIZATION_PREFERS_STRING_CATALOGS = YES;
				MTL_ENABLE_DEBUG_INFO = NO;
				MTL_FAST_MATH = YES;
				RUN_CLANG_STATIC_ANALYZER = YES;
				SWIFT_COMPILATION_MODE = wholemodule;
			};
			name = Release;
		};
		1DC336EB2C03981100689015 /* Debug */ = {
			isa = XCBuildConfiguration;
			buildSettings = {
				ASSETCATALOG_COMPILER_APPICON_NAME = AppIcon;
				ASSETCATALOG_COMPILER_GLOBAL_ACCENT_COLOR_NAME = AccentColor;
				ASSETCATALOG_COMPILER_INCLUDE_ALL_APPICON_ASSETS = YES;
				CODE_SIGN_STYLE = Automatic;
				CURRENT_PROJECT_VERSION = 18;
				DEVELOPMENT_TEAM = 7KJ5XYCA8X;
				GENERATE_INFOPLIST_FILE = YES;
				INFOPLIST_KEY_CFBundleDisplayName = "XNU Image Generator for iOS";
				INFOPLIST_KEY_LSApplicationCategoryType = "public.app-category.developer-tools";
				INFOPLIST_KEY_LSSupportsOpeningDocumentsInPlace = YES;
				INFOPLIST_KEY_NSDocumentsFolderUsageDescription = "Doc Folder Desc in Privacy";
				INFOPLIST_KEY_NSStickerSharingLevel = OS;
				INFOPLIST_KEY_UIApplicationSupportsIndirectInputEvents = YES;
				INFOPLIST_KEY_UILaunchStoryboardName = LaunchScreen.storyboard;
				INFOPLIST_KEY_UIMainStoryboardFile = Main;
				INFOPLIST_KEY_UISupportedInterfaceOrientations = "UIInterfaceOrientationLandscapeLeft UIInterfaceOrientationLandscapeRight UIInterfaceOrientationPortrait UIInterfaceOrientationPortraitUpsideDown";
				IPHONEOS_DEPLOYMENT_TARGET = 17.5;
				LD_RUNPATH_SEARCH_PATHS = (
					"$(inherited)",
					"@executable_path/Frameworks",
				);
				MARKETING_VERSION = 2.5;
				ONLY_ACTIVE_ARCH = YES;
				PRODUCT_BUNDLE_IDENTIFIER = "cx.srd.xnuimagegenerator-ios.XNU-Image-Generator-for-iOS";
				PRODUCT_NAME = "$(TARGET_NAME)";
				SDKROOT = iphoneos;
				SUPPORTED_PLATFORMS = "iphoneos iphonesimulator";
				SUPPORTS_MACCATALYST = NO;
				SUPPORTS_MAC_DESIGNED_FOR_IPHONE_IPAD = YES;
				SWIFT_EMIT_LOC_STRINGS = YES;
				SWIFT_VERSION = 5.0;
				TARGETED_DEVICE_FAMILY = "1,2";
			};
			name = Debug;
		};
		1DC336EC2C03981100689015 /* Release */ = {
			isa = XCBuildConfiguration;
			buildSettings = {
				ASSETCATALOG_COMPILER_APPICON_NAME = AppIcon;
				ASSETCATALOG_COMPILER_GLOBAL_ACCENT_COLOR_NAME = AccentColor;
				ASSETCATALOG_COMPILER_INCLUDE_ALL_APPICON_ASSETS = YES;
				CODE_SIGN_STYLE = Automatic;
				CURRENT_PROJECT_VERSION = 18;
				DEVELOPMENT_TEAM = 7KJ5XYCA8X;
				GENERATE_INFOPLIST_FILE = YES;
				INFOPLIST_KEY_CFBundleDisplayName = "XNU Image Generator for iOS";
				INFOPLIST_KEY_LSApplicationCategoryType = "public.app-category.developer-tools";
				INFOPLIST_KEY_LSSupportsOpeningDocumentsInPlace = YES;
				INFOPLIST_KEY_NSDocumentsFolderUsageDescription = "Doc Folder Desc in Privacy";
				INFOPLIST_KEY_NSStickerSharingLevel = OS;
				INFOPLIST_KEY_UIApplicationSupportsIndirectInputEvents = YES;
				INFOPLIST_KEY_UILaunchStoryboardName = LaunchScreen.storyboard;
				INFOPLIST_KEY_UIMainStoryboardFile = Main;
				INFOPLIST_KEY_UISupportedInterfaceOrientations = "UIInterfaceOrientationLandscapeLeft UIInterfaceOrientationLandscapeRight UIInterfaceOrientationPortrait UIInterfaceOrientationPortraitUpsideDown";
				IPHONEOS_DEPLOYMENT_TARGET = 17.5;
				LD_RUNPATH_SEARCH_PATHS = (
					"$(inherited)",
					"@executable_path/Frameworks",
				);
				MARKETING_VERSION = 2.5;
				PRODUCT_BUNDLE_IDENTIFIER = "cx.srd.xnuimagegenerator-ios.XNU-Image-Generator-for-iOS";
				PRODUCT_NAME = "$(TARGET_NAME)";
				SDKROOT = iphoneos;
				SUPPORTED_PLATFORMS = "iphoneos iphonesimulator";
				SUPPORTS_MACCATALYST = NO;
				SUPPORTS_MAC_DESIGNED_FOR_IPHONE_IPAD = YES;
				SWIFT_EMIT_LOC_STRINGS = YES;
				SWIFT_VERSION = 5.0;
				TARGETED_DEVICE_FAMILY = "1,2";
				VALIDATE_PRODUCT = YES;
			};
			name = Release;
		};
/* End XCBuildConfiguration section */

/* Begin XCConfigurationList section */
		1D83529F2BFD65F300E42AE1 /* Build configuration list for PBXProject "XNU Image Generator for iOS" */ = {
			isa = XCConfigurationList;
			buildConfigurations = (
				1D8352B12BFD65F400E42AE1 /* Debug */,
				1D8352B22BFD65F400E42AE1 /* Release */,
			);
			defaultConfigurationIsVisible = 0;
			defaultConfigurationName = Debug;
		};
		1DC336EA2C03981100689015 /* Build configuration list for PBXNativeTarget "XNU Image Generator for iOS" */ = {
			isa = XCConfigurationList;
			buildConfigurations = (
				1DC336EB2C03981100689015 /* Debug */,
				1DC336EC2C03981100689015 /* Release */,
			);
			defaultConfigurationIsVisible = 0;
			defaultConfigurationName = Debug;
		};
/* End XCConfigurationList section */
	};
	rootObject = 1D83529C2BFD65F300E42AE1 /* Project object */;
}
