// !$*UTF8*$!
{
	archiveVersion = 1;
	classes = {
	};
	objectVersion = 56;
	objects = {

/* Begin PBXBuildFile section */
		1DF14AD52C03C0810053E897 /* ContentView.swift in Sources */ = {isa = PBXBuildFile; fileRef = 1DF14ACC2C03C0810053E897 /* ContentView.swift */; };
		1DF14AD62C03C0810053E897 /* cx_srd_imagegenerator_xnu_demoApp.swift in Sources */ = {isa = PBXBuildFile; fileRef = 1DF14ACE2C03C0810053E897 /* cx_srd_imagegenerator_xnu_demoApp.swift */; };
		1DF14AD72C03C0810053E897 /* LaunchScreen.storyboard in Resources */ = {isa = PBXBuildFile; fileRef = 1DF14ACF2C03C0810053E897 /* LaunchScreen.storyboard */; };
		1DF14AD82C03C0810053E897 /* SceneDelegate.swift in Sources */ = {isa = PBXBuildFile; fileRef = 1DF14AD02C03C0810053E897 /* SceneDelegate.swift */; };
		1DF14AD92C03C0810053E897 /* ViewController.swift in Sources */ = {isa = PBXBuildFile; fileRef = 1DF14AD12C03C0810053E897 /* ViewController.swift */; };
		1DF14AE42C03C2420053E897 /* 2225.jpg in Resources */ = {isa = PBXBuildFile; fileRef = 1DF14ADA2C03C0AA0053E897 /* 2225.jpg */; };
		1DF14AE52C03C2470053E897 /* Flowers.exr in Resources */ = {isa = PBXBuildFile; fileRef = 1DF14ADC2C03C0EB0053E897 /* Flowers.exr */; };
		1DFF90392C03CD3D00011940 /* cx-srd-imagegenerator-xnu-demo-Info.plist in Resources */ = {isa = PBXBuildFile; fileRef = 1DFF90382C03CD3D00011940 /* cx-srd-imagegenerator-xnu-demo-Info.plist */; };
/* End PBXBuildFile section */

/* Begin PBXFileReference section */
		1DE208FF2B867C4700A3C0D5 /* XNU Image Generator for iOS.app */ = {isa = PBXFileReference; explicitFileType = wrapper.application; includeInIndex = 0; path = "XNU Image Generator for iOS.app"; sourceTree = BUILT_PRODUCTS_DIR; };
		1DF14ACC2C03C0810053E897 /* ContentView.swift */ = {isa = PBXFileReference; fileEncoding = 4; lastKnownFileType = sourcecode.swift; path = ContentView.swift; sourceTree = "<group>"; };
		1DF14ACD2C03C0810053E897 /* cx_srd_imagegenerator_xnu_demo.entitlements */ = {isa = PBXFileReference; fileEncoding = 4; lastKnownFileType = text.plist.entitlements; path = cx_srd_imagegenerator_xnu_demo.entitlements; sourceTree = "<group>"; };
		1DF14ACE2C03C0810053E897 /* cx_srd_imagegenerator_xnu_demoApp.swift */ = {isa = PBXFileReference; fileEncoding = 4; lastKnownFileType = sourcecode.swift; path = cx_srd_imagegenerator_xnu_demoApp.swift; sourceTree = "<group>"; };
		1DF14ACF2C03C0810053E897 /* LaunchScreen.storyboard */ = {isa = PBXFileReference; fileEncoding = 4; lastKnownFileType = file.storyboard; path = LaunchScreen.storyboard; sourceTree = "<group>"; };
		1DF14AD02C03C0810053E897 /* SceneDelegate.swift */ = {isa = PBXFileReference; fileEncoding = 4; lastKnownFileType = sourcecode.swift; path = SceneDelegate.swift; sourceTree = "<group>"; };
		1DF14AD12C03C0810053E897 /* ViewController.swift */ = {isa = PBXFileReference; fileEncoding = 4; lastKnownFileType = sourcecode.swift; path = ViewController.swift; sourceTree = "<group>"; };
		1DF14ADA2C03C0AA0053E897 /* 2225.jpg */ = {isa = PBXFileReference; lastKnownFileType = image.jpeg; path = 2225.jpg; sourceTree = "<group>"; };
		1DF14ADC2C03C0EB0053E897 /* Flowers.exr */ = {isa = PBXFileReference; lastKnownFileType = file; path = Flowers.exr; sourceTree = "<group>"; };
		1DFF90382C03CD3D00011940 /* cx-srd-imagegenerator-xnu-demo-Info.plist */ = {isa = PBXFileReference; fileEncoding = 4; lastKnownFileType = text.plist.xml; path = "cx-srd-imagegenerator-xnu-demo-Info.plist"; sourceTree = "<group>"; };
/* End PBXFileReference section */

/* Begin PBXFrameworksBuildPhase section */
		1DE208FC2B867C4700A3C0D5 /* Frameworks */ = {
			isa = PBXFrameworksBuildPhase;
			buildActionMask = 2147483647;
			files = (
			);
			runOnlyForDeploymentPostprocessing = 0;
		};
/* End PBXFrameworksBuildPhase section */

/* Begin PBXGroup section */
		1DE208F62B867C4700A3C0D5 = {
			isa = PBXGroup;
			children = (
				1DF14AD22C03C0810053E897 /* cx.srd.imagegenerator-xnu-demo */,
				1DE209002B867C4700A3C0D5 /* Products */,
			);
			sourceTree = "<group>";
		};
		1DE209002B867C4700A3C0D5 /* Products */ = {
			isa = PBXGroup;
			children = (
				1DE208FF2B867C4700A3C0D5 /* XNU Image Generator for iOS.app */,
			);
			name = Products;
			sourceTree = "<group>";
		};
		1DF14AD22C03C0810053E897 /* cx.srd.imagegenerator-xnu-demo */ = {
			isa = PBXGroup;
			children = (
				1DC635172C041C7600AC9F74 /* Assets.xcassets */,
				1DFF90382C03CD3D00011940 /* cx-srd-imagegenerator-xnu-demo-Info.plist */,
				1DF14ACC2C03C0810053E897 /* ContentView.swift */,
				1DF14ADA2C03C0AA0053E897 /* 2225.jpg */,
				1DF14ADC2C03C0EB0053E897 /* Flowers.exr */,
				1DF14ACD2C03C0810053E897 /* cx_srd_imagegenerator_xnu_demo.entitlements */,
				1DF14ACE2C03C0810053E897 /* cx_srd_imagegenerator_xnu_demoApp.swift */,
				1DF14ACF2C03C0810053E897 /* LaunchScreen.storyboard */,
				1DF14AD02C03C0810053E897 /* SceneDelegate.swift */,
				1DF14AD12C03C0810053E897 /* ViewController.swift */,
			);
			path = "cx.srd.imagegenerator-xnu-demo";
			sourceTree = "<group>";
		};
/* End PBXGroup section */

/* Begin PBXNativeTarget section */
		1DE208FE2B867C4700A3C0D5 /* XNU Image Generator for iOS */ = {
			isa = PBXNativeTarget;
			buildConfigurationList = 1DE2092E2B867C4800A3C0D5 /* Build configuration list for PBXNativeTarget "XNU Image Generator for iOS" */;
			buildPhases = (
				1DE208FB2B867C4700A3C0D5 /* Sources */,
				1DE208FC2B867C4700A3C0D5 /* Frameworks */,
				1DE208FD2B867C4700A3C0D5 /* Resources */,
			);
			buildRules = (
			);
			dependencies = (
			);
			name = "XNU Image Generator for iOS";
			productName = "XNU Image Fuzzer";
			productReference = 1DE208FF2B867C4700A3C0D5 /* XNU Image Generator for iOS.app */;
			productType = "com.apple.product-type.application";
		};
/* End PBXNativeTarget section */

/* Begin PBXProject section */
		1DE208F72B867C4700A3C0D5 /* Project object */ = {
			isa = PBXProject;
			attributes = {
				BuildIndependentTargetsInParallel = 1;
				LastUpgradeCheck = 1540;
				TargetAttributes = {
					1DE208FE2B867C4700A3C0D5 = {
						CreatedOnToolsVersion = 15.2;
					};
				};
			};
			buildConfigurationList = 1DE208FA2B867C4700A3C0D5 /* Build configuration list for PBXProject "XNU Image Generator for iOS" */;
			compatibilityVersion = "Xcode 14.0";
			developmentRegion = en;
			hasScannedForEncodings = 0;
			knownRegions = (
				en,
				Base,
			);
			mainGroup = 1DE208F62B867C4700A3C0D5;
			productRefGroup = 1DE209002B867C4700A3C0D5 /* Products */;
			projectDirPath = "";
			projectRoot = "";
			targets = (
				1DE208FE2B867C4700A3C0D5 /* XNU Image Generator for iOS */,
			);
		};
/* End PBXProject section */

/* Begin PBXResourcesBuildPhase section */
		1DE208FD2B867C4700A3C0D5 /* Resources */ = {
			isa = PBXResourcesBuildPhase;
			buildActionMask = 2147483647;
			files = (
				1DF14AE52C03C2470053E897 /* Flowers.exr in Resources */,
				1DF14AE42C03C2420053E897 /* 2225.jpg in Resources */,
				1DFF90392C03CD3D00011940 /* cx-srd-imagegenerator-xnu-demo-Info.plist in Resources */,
				1DF14AD72C03C0810053E897 /* LaunchScreen.storyboard in Resources */,
			);
			runOnlyForDeploymentPostprocessing = 0;
		};
/* End PBXResourcesBuildPhase section */

/* Begin PBXSourcesBuildPhase section */
		1DE208FB2B867C4700A3C0D5 /* Sources */ = {
			isa = PBXSourcesBuildPhase;
			buildActionMask = 2147483647;
			files = (
				1DF14AD82C03C0810053E897 /* SceneDelegate.swift in Sources */,
				1DF14AD62C03C0810053E897 /* cx_srd_imagegenerator_xnu_demoApp.swift in Sources */,
				1DF14AD52C03C0810053E897 /* ContentView.swift in Sources */,
				1DF14AD92C03C0810053E897 /* ViewController.swift in Sources */,
			);
			runOnlyForDeploymentPostprocessing = 0;
		};
/* End PBXSourcesBuildPhase section */

/* Begin XCBuildConfiguration section */
		1DE2092C2B867C4800A3C0D5 /* Debug */ = {
			isa = XCBuildConfiguration;
			buildSettings = {
				ALLOW_TARGET_PLATFORM_SPECIALIZATION = YES;
				ALWAYS_SEARCH_USER_PATHS = YES;
				ASSETCATALOG_COMPILER_GENERATE_SWIFT_ASSET_SYMBOL_EXTENSIONS = YES;
				CLANG_ANALYZER_NONNULL = YES;
				CLANG_ANALYZER_NUMBER_OBJECT_CONVERSION = YES_AGGRESSIVE;
				CLANG_CXX_LANGUAGE_STANDARD = "gnu++20";
				CLANG_ENABLE_MODULES = YES;
				CLANG_ENABLE_OBJC_ARC = YES;
				CLANG_ENABLE_OBJC_WEAK = YES;
				CLANG_WARN_BLOCK_CAPTURE_AUTORELEASING = YES;
				CLANG_WARN_BOOL_CONVERSION = YES;
				CLANG_WARN_COMMA = YES;
				CLANG_WARN_CONSTANT_CONVERSION = YES;
				CLANG_WARN_DEPRECATED_OBJC_IMPLEMENTATIONS = YES;
				CLANG_WARN_DIRECT_OBJC_ISA_USAGE = YES_ERROR;
				CLANG_WARN_DOCUMENTATION_COMMENTS = YES;
				CLANG_WARN_EMPTY_BODY = YES;
				CLANG_WARN_ENUM_CONVERSION = YES;
				CLANG_WARN_INFINITE_RECURSION = YES;
				CLANG_WARN_INT_CONVERSION = YES;
				CLANG_WARN_NON_LITERAL_NULL_CONVERSION = YES;
				CLANG_WARN_OBJC_IMPLICIT_RETAIN_SELF = YES;
				CLANG_WARN_OBJC_LITERAL_CONVERSION = YES;
				CLANG_WARN_OBJC_ROOT_CLASS = YES_ERROR;
				CLANG_WARN_QUOTED_INCLUDE_IN_FRAMEWORK_HEADER = YES;
				CLANG_WARN_RANGE_LOOP_ANALYSIS = YES;
				CLANG_WARN_STRICT_PROTOTYPES = YES;
				CLANG_WARN_SUSPICIOUS_MOVE = YES;
				CLANG_WARN_UNGUARDED_AVAILABILITY = YES_AGGRESSIVE;
				CLANG_WARN_UNREACHABLE_CODE = YES;
				CLANG_WARN__DUPLICATE_METHOD_MATCH = YES;
				COPY_PHASE_STRIP = NO;
				DEBUG_INFORMATION_FORMAT = dwarf;
				ENABLE_APP_SANDBOX = NO;
				ENABLE_STRICT_OBJC_MSGSEND = YES;
				ENABLE_TESTABILITY = YES;
				ENABLE_USER_SCRIPT_SANDBOXING = YES;
				ENABLE_USER_SELECTED_FILES = "";
				GCC_C_LANGUAGE_STANDARD = gnu17;
				GCC_DYNAMIC_NO_PIC = NO;
				GCC_NO_COMMON_BLOCKS = YES;
				GCC_OPTIMIZATION_LEVEL = 0;
				GCC_PREPROCESSOR_DEFINITIONS = (
					"DEBUG=1",
					"$(inherited)",
				);
				GCC_WARN_64_TO_32_BIT_CONVERSION = YES;
				GCC_WARN_ABOUT_RETURN_TYPE = YES_ERROR;
				GCC_WARN_UNDECLARED_SELECTOR = YES;
				GCC_WARN_UNINITIALIZED_AUTOS = YES_AGGRESSIVE;
				GCC_WARN_UNUSED_FUNCTION = YES;
				GCC_WARN_UNUSED_VARIABLE = YES;
				GENERATE_PROFILING_CODE = YES;
				INFOPLIST_KEY_LSApplicationCategoryType = "public.app-category.developer-tools";
				INFOPLIST_KEY_LSSupportsOpeningDocumentsInPlace = YES;
				INFOPLIST_KEY_NSDocumentsFolderUsageDescription = "Doc Folder Desc in Privacy";
				INFOPLIST_KEY_NSStickerSharingLevel = OS;
				INFOPLIST_KEY_UISupportsDocumentBrowser = YES;
				IPHONEOS_DEPLOYMENT_TARGET = 17.5;
				LOCALIZATION_PREFERS_STRING_CATALOGS = YES;
				MTL_ENABLE_DEBUG_INFO = INCLUDE_SOURCE;
				MTL_FAST_MATH = YES;
				ONLY_ACTIVE_ARCH = YES;
				SDKROOT = iphoneos;
				SUPPORTED_PLATFORMS = "iphonesimulator iphoneos";
				SUPPORTS_MACCATALYST = YES;
				SWIFT_VERSION = 5.0;
			};
			name = Debug;
		};
		1DE2092D2B867C4800A3C0D5 /* Release */ = {
			isa = XCBuildConfiguration;
			buildSettings = {
				ALLOW_TARGET_PLATFORM_SPECIALIZATION = YES;
				ALWAYS_SEARCH_USER_PATHS = YES;
				ASSETCATALOG_COMPILER_GENERATE_SWIFT_ASSET_SYMBOL_EXTENSIONS = YES;
				CLANG_ANALYZER_NONNULL = YES;
				CLANG_ANALYZER_NUMBER_OBJECT_CONVERSION = YES_AGGRESSIVE;
				CLANG_CXX_LANGUAGE_STANDARD = "gnu++20";
				CLANG_ENABLE_MODULES = YES;
				CLANG_ENABLE_OBJC_ARC = YES;
				CLANG_ENABLE_OBJC_WEAK = YES;
				CLANG_WARN_BLOCK_CAPTURE_AUTORELEASING = YES;
				CLANG_WARN_BOOL_CONVERSION = YES;
				CLANG_WARN_COMMA = YES;
				CLANG_WARN_CONSTANT_CONVERSION = YES;
				CLANG_WARN_DEPRECATED_OBJC_IMPLEMENTATIONS = YES;
				CLANG_WARN_DIRECT_OBJC_ISA_USAGE = YES_ERROR;
				CLANG_WARN_DOCUMENTATION_COMMENTS = YES;
				CLANG_WARN_EMPTY_BODY = YES;
				CLANG_WARN_ENUM_CONVERSION = YES;
				CLANG_WARN_INFINITE_RECURSION = YES;
				CLANG_WARN_INT_CONVERSION = YES;
				CLANG_WARN_NON_LITERAL_NULL_CONVERSION = YES;
				CLANG_WARN_OBJC_IMPLICIT_RETAIN_SELF = YES;
				CLANG_WARN_OBJC_LITERAL_CONVERSION = YES;
				CLANG_WARN_OBJC_ROOT_CLASS = YES_ERROR;
				CLANG_WARN_QUOTED_INCLUDE_IN_FRAMEWORK_HEADER = YES;
				CLANG_WARN_RANGE_LOOP_ANALYSIS = YES;
				CLANG_WARN_STRICT_PROTOTYPES = YES;
				CLANG_WARN_SUSPICIOUS_MOVE = YES;
				CLANG_WARN_UNGUARDED_AVAILABILITY = YES_AGGRESSIVE;
				CLANG_WARN_UNREACHABLE_CODE = YES;
				CLANG_WARN__DUPLICATE_METHOD_MATCH = YES;
				COPY_PHASE_STRIP = NO;
				DEBUG_INFORMATION_FORMAT = "dwarf-with-dsym";
				ENABLE_APP_SANDBOX = NO;
				ENABLE_NS_ASSERTIONS = NO;
				ENABLE_STRICT_OBJC_MSGSEND = YES;
				ENABLE_USER_SCRIPT_SANDBOXING = YES;
				ENABLE_USER_SELECTED_FILES = "";
				GCC_C_LANGUAGE_STANDARD = gnu17;
				GCC_NO_COMMON_BLOCKS = YES;
				GCC_WARN_64_TO_32_BIT_CONVERSION = YES;
				GCC_WARN_ABOUT_RETURN_TYPE = YES_ERROR;
				GCC_WARN_UNDECLARED_SELECTOR = YES;
				GCC_WARN_UNINITIALIZED_AUTOS = YES_AGGRESSIVE;
				GCC_WARN_UNUSED_FUNCTION = YES;
				GCC_WARN_UNUSED_VARIABLE = YES;
				GENERATE_PROFILING_CODE = YES;
				INFOPLIST_KEY_UISupportsDocumentBrowser = YES;
				IPHONEOS_DEPLOYMENT_TARGET = 17.5;
				LOCALIZATION_PREFERS_STRING_CATALOGS = YES;
				MTL_ENABLE_DEBUG_INFO = NO;
				MTL_FAST_MATH = YES;
				ONLY_ACTIVE_ARCH = YES;
				SDKROOT = iphoneos;
				SUPPORTED_PLATFORMS = "iphonesimulator iphoneos";
				SUPPORTS_MACCATALYST = YES;
				SWIFT_COMPILATION_MODE = wholemodule;
				SWIFT_VERSION = 5.0;
				VALIDATE_PRODUCT = YES;
			};
			name = Release;
		};
		1DE2092F2B867C4800A3C0D5 /* Debug */ = {
			isa = XCBuildConfiguration;
			buildSettings = {
				ASSETCATALOG_COMPILER_APPICON_NAME = AppIcon;
				ASSETCATALOG_COMPILER_GLOBAL_ACCENT_COLOR_NAME = AccentColor;
				ASSETCATALOG_COMPILER_INCLUDE_ALL_APPICON_ASSETS = NO;
				CODE_SIGN_STYLE = Automatic;
				CURRENT_PROJECT_VERSION = 10;
				DEVELOPMENT_TEAM = 7KJ5XYCA8X;
				GENERATE_INFOPLIST_FILE = YES;
				INFOPLIST_KEY_LSApplicationCategoryType = "public.app-category.developer-tools";
				INFOPLIST_KEY_LSSupportsOpeningDocumentsInPlace = YES;
				INFOPLIST_KEY_NSSupportsLiveActivities = YES;
				INFOPLIST_KEY_UIApplicationSupportsIndirectInputEvents = YES;
				INFOPLIST_KEY_UILaunchStoryboardName = LaunchScreen.storyboard;
				INFOPLIST_KEY_UISupportedInterfaceOrientations = "UIInterfaceOrientationLandscapeLeft UIInterfaceOrientationLandscapeRight UIInterfaceOrientationPortrait UIInterfaceOrientationPortraitUpsideDown";
				INFOPLIST_KEY_UISupportsDocumentBrowser = YES;
				LD_RUNPATH_SEARCH_PATHS = (
					"$(inherited)",
					"@executable_path/Frameworks",
				);
				MARKETING_VERSION = 1.0;
				PRODUCT_BUNDLE_IDENTIFIER = cx.srd.xnuimagefuzzer;
				PRODUCT_NAME = "$(TARGET_NAME)";
				SWIFT_EMIT_LOC_STRINGS = YES;
				TARGETED_DEVICE_FAMILY = "1,2";
			};
			name = Debug;
		};
		1DE209302B867C4800A3C0D5 /* Release */ = {
			isa = XCBuildConfiguration;
			buildSettings = {
				ASSETCATALOG_COMPILER_APPICON_NAME = AppIcon;
				ASSETCATALOG_COMPILER_GLOBAL_ACCENT_COLOR_NAME = AccentColor;
				ASSETCATALOG_COMPILER_INCLUDE_ALL_APPICON_ASSETS = No;
				CODE_SIGN_STYLE = Automatic;
				CURRENT_PROJECT_VERSION = 10;
				DEVELOPMENT_TEAM = 7KJ5XYCA8X;
				GENERATE_INFOPLIST_FILE = YES;
				INFOPLIST_KEY_LSApplicationCategoryType = "public.app-category.developer-tools";
				INFOPLIST_KEY_LSSupportsOpeningDocumentsInPlace = YES;
				INFOPLIST_KEY_NSSupportsLiveActivities = YES;
				INFOPLIST_KEY_UIApplicationSupportsIndirectInputEvents = YES;
				INFOPLIST_KEY_UILaunchStoryboardName = LaunchScreen.storyboard;
				INFOPLIST_KEY_UISupportedInterfaceOrientations = "UIInterfaceOrientationLandscapeLeft UIInterfaceOrientationLandscapeRight UIInterfaceOrientationPortrait UIInterfaceOrientationPortraitUpsideDown";
				INFOPLIST_KEY_UISupportsDocumentBrowser = YES;
				LD_RUNPATH_SEARCH_PATHS = (
					"$(inherited)",
					"@executable_path/Frameworks",
				);
				MARKETING_VERSION = 1.0;
				PRODUCT_BUNDLE_IDENTIFIER = cx.srd.xnuimagefuzzer;
				PRODUCT_NAME = "$(TARGET_NAME)";
				SWIFT_EMIT_LOC_STRINGS = YES;
				TARGETED_DEVICE_FAMILY = "1,2";
			};
			name = Release;
		};
/* End XCBuildConfiguration section */

/* Begin XCConfigurationList section */
		1DE208FA2B867C4700A3C0D5 /* Build configuration list for PBXProject "XNU Image Generator for iOS" */ = {
			isa = XCConfigurationList;
			buildConfigurations = (
				1DE2092C2B867C4800A3C0D5 /* Debug */,
				1DE2092D2B867C4800A3C0D5 /* Release */,
			);
			defaultConfigurationIsVisible = 0;
			defaultConfigurationName = Release;
		};
		1DE2092E2B867C4800A3C0D5 /* Build configuration list for PBXNativeTarget "XNU Image Generator for iOS" */ = {
			isa = XCConfigurationList;
			buildConfigurations = (
				1DE2092F2B867C4800A3C0D5 /* Debug */,
				1DE209302B867C4800A3C0D5 /* Release */,
			);
			defaultConfigurationIsVisible = 0;
			defaultConfigurationName = Release;
		};
/* End XCConfigurationList section */
	};
	rootObject = 1DE208F72B867C4700A3C0D5 /* Project object */;
}
