// !$*UTF8*$!
{
	archiveVersion = 1;
	classes = {
	};
	objectVersion = 56;
	objects = {

/* Begin PBXBuildFile section */
		1DFFC0DC2C0230DE003B495B /* XNU Image Generator Watch App.app in Embed Watch Content */ = {isa = PBXBuildFile; fileRef = 1DFFC0DB2C0230DE003B495B /* XNU Image Generator Watch App.app */; settings = {ATTRIBUTES = (RemoveHeadersOnCopy, ); }; };
		1DFFC0E12C0230DE003B495B /* cx_srd_watch_ultra2_001App.swift in Sources */ = {isa = PBXBuildFile; fileRef = 1DFFC0E02C0230DE003B495B /* cx_srd_watch_ultra2_001App.swift */; };
		1DFFC0E32C0230DE003B495B /* ContentView.swift in Sources */ = {isa = PBXBuildFile; fileRef = 1DFFC0E22C0230DE003B495B /* ContentView.swift */; };
/* End PBXBuildFile section */

/* Begin PBXContainerItemProxy section */
		1DFFC0DD2C0230DE003B495B /* PBXContainerItemProxy */ = {
			isa = PBXContainerItemProxy;
			containerPortal = 1DFFC0CF2C0230DE003B495B /* Project object */;
			proxyType = 1;
			remoteGlobalIDString = 1DFFC0DA2C0230DE003B495B;
			remoteInfo = "cx.srd.watch.ultra2-001 Watch App";
		};
/* End PBXContainerItemProxy section */

/* Begin PBXCopyFilesBuildPhase section */
		1DFFC0EE2C0230DF003B495B /* Embed Watch Content */ = {
			isa = PBXCopyFilesBuildPhase;
			buildActionMask = 2147483647;
			dstPath = "$(CONTENTS_FOLDER_PATH)/Watch";
			dstSubfolderSpec = 16;
			files = (
				1DFFC0DC2C0230DE003B495B /* XNU Image Generator Watch App.app in Embed Watch Content */,
			);
			name = "Embed Watch Content";
			runOnlyForDeploymentPostprocessing = 0;
		};
/* End PBXCopyFilesBuildPhase section */

/* Begin PBXFileReference section */
		1DFFC0D52C0230DE003B495B /* XNU Image Generator.app */ = {isa = PBXFileReference; explicitFileType = wrapper.application; includeInIndex = 0; path = "XNU Image Generator.app"; sourceTree = BUILT_PRODUCTS_DIR; };
		1DFFC0DB2C0230DE003B495B /* XNU Image Generator Watch App.app */ = {isa = PBXFileReference; explicitFileType = wrapper.application; includeInIndex = 0; path = "XNU Image Generator Watch App.app"; sourceTree = BUILT_PRODUCTS_DIR; };
		1DFFC0E02C0230DE003B495B /* cx_srd_watch_ultra2_001App.swift */ = {isa = PBXFileReference; lastKnownFileType = sourcecode.swift; path = cx_srd_watch_ultra2_001App.swift; sourceTree = "<group>"; };
		1DFFC0E22C0230DE003B495B /* ContentView.swift */ = {isa = PBXFileReference; lastKnownFileType = sourcecode.swift; path = ContentView.swift; sourceTree = "<group>"; };
/* End PBXFileReference section */

/* Begin PBXFrameworksBuildPhase section */
		1DFFC0D82C0230DE003B495B /* Frameworks */ = {
			isa = PBXFrameworksBuildPhase;
			buildActionMask = 2147483647;
			files = (
			);
			runOnlyForDeploymentPostprocessing = 0;
		};
/* End PBXFrameworksBuildPhase section */

/* Begin PBXGroup section */
		1DFFC0CE2C0230DE003B495B = {
			isa = PBXGroup;
			children = (
				1DFFC0DF2C0230DE003B495B /* cx.srd.watch.ultra2-001 Watch App */,
				1DFFC0D62C0230DE003B495B /* Products */,
			);
			sourceTree = "<group>";
		};
		1DFFC0D62C0230DE003B495B /* Products */ = {
			isa = PBXGroup;
			children = (
				1DFFC0D52C0230DE003B495B /* XNU Image Generator.app */,
				1DFFC0DB2C0230DE003B495B /* XNU Image Generator Watch App.app */,
			);
			name = Products;
			sourceTree = "<group>";
		};
		1DFFC0DF2C0230DE003B495B /* cx.srd.watch.ultra2-001 Watch App */ = {
			isa = PBXGroup;
			children = (
				1DFFC0E02C0230DE003B495B /* cx_srd_watch_ultra2_001App.swift */,
				1DFFC0E22C0230DE003B495B /* ContentView.swift */,
			);
			path = "cx.srd.watch.ultra2-001 Watch App";
			sourceTree = "<group>";
		};
/* End PBXGroup section */

/* Begin PBXNativeTarget section */
		1DFFC0D42C0230DE003B495B /* XNU Image Generator */ = {
			isa = PBXNativeTarget;
			buildConfigurationList = 1DFFC0EF2C0230DF003B495B /* Build configuration list for PBXNativeTarget "XNU Image Generator" */;
			buildPhases = (
				1DFFC0D32C0230DE003B495B /* Resources */,
				1DFFC0EE2C0230DF003B495B /* Embed Watch Content */,
			);
			buildRules = (
			);
			dependencies = (
				1DFFC0DE2C0230DE003B495B /* PBXTargetDependency */,
			);
			name = "XNU Image Generator";
			productName = "cx.srd.watch.ultra2-001";
			productReference = 1DFFC0D52C0230DE003B495B /* XNU Image Generator.app */;
			productType = "com.apple.product-type.application.watchapp2-container";
		};
		1DFFC0DA2C0230DE003B495B /* XNU Image Generator Watch App */ = {
			isa = PBXNativeTarget;
			buildConfigurationList = 1DFFC0EB2C0230DF003B495B /* Build configuration list for PBXNativeTarget "XNU Image Generator Watch App" */;
			buildPhases = (
				1DFFC0D72C0230DE003B495B /* Sources */,
				1DFFC0D82C0230DE003B495B /* Frameworks */,
				1DFFC0D92C0230DE003B495B /* Resources */,
			);
			buildRules = (
			);
			dependencies = (
			);
			name = "XNU Image Generator Watch App";
			productName = "cx.srd.watch.ultra2-001 Watch App";
			productReference = 1DFFC0DB2C0230DE003B495B /* XNU Image Generator Watch App.app */;
			productType = "com.apple.product-type.application";
		};
/* End PBXNativeTarget section */

/* Begin PBXProject section */
		1DFFC0CF2C0230DE003B495B /* Project object */ = {
			isa = PBXProject;
			attributes = {
				BuildIndependentTargetsInParallel = 1;
				LastSwiftUpdateCheck = 1540;
				LastUpgradeCheck = 1540;
				TargetAttributes = {
					1DFFC0D42C0230DE003B495B = {
						CreatedOnToolsVersion = 15.4;
					};
					1DFFC0DA2C0230DE003B495B = {
						CreatedOnToolsVersion = 15.4;
					};
				};
			};
			buildConfigurationList = 1DFFC0D22C0230DE003B495B /* Build configuration list for PBXProject "XNU Image Generator" */;
			compatibilityVersion = "Xcode 14.0";
			developmentRegion = en;
			hasScannedForEncodings = 0;
			knownRegions = (
				en,
				Base,
			);
			mainGroup = 1DFFC0CE2C0230DE003B495B;
			productRefGroup = 1DFFC0D62C0230DE003B495B /* Products */;
			projectDirPath = "";
			projectRoot = "";
			targets = (
				1DFFC0D42C0230DE003B495B /* XNU Image Generator */,
				1DFFC0DA2C0230DE003B495B /* XNU Image Generator Watch App */,
			);
		};
/* End PBXProject section */

/* Begin PBXResourcesBuildPhase section */
		1DFFC0D32C0230DE003B495B /* Resources */ = {
			isa = PBXResourcesBuildPhase;
			buildActionMask = 2147483647;
			files = (
			);
			runOnlyForDeploymentPostprocessing = 0;
		};
		1DFFC0D92C0230DE003B495B /* Resources */ = {
			isa = PBXResourcesBuildPhase;
			buildActionMask = 2147483647;
			files = (
			);
			runOnlyForDeploymentPostprocessing = 0;
		};
/* End PBXResourcesBuildPhase section */

/* Begin PBXSourcesBuildPhase section */
		1DFFC0D72C0230DE003B495B /* Sources */ = {
			isa = PBXSourcesBuildPhase;
			buildActionMask = 2147483647;
			files = (
				1DFFC0E32C0230DE003B495B /* ContentView.swift in Sources */,
				1DFFC0E12C0230DE003B495B /* cx_srd_watch_ultra2_001App.swift in Sources */,
			);
			runOnlyForDeploymentPostprocessing = 0;
		};
/* End PBXSourcesBuildPhase section */

/* Begin PBXTargetDependency section */
		1DFFC0DE2C0230DE003B495B /* PBXTargetDependency */ = {
			isa = PBXTargetDependency;
			target = 1DFFC0DA2C0230DE003B495B /* XNU Image Generator Watch App */;
			targetProxy = 1DFFC0DD2C0230DE003B495B /* PBXContainerItemProxy */;
		};
/* End PBXTargetDependency section */

/* Begin XCBuildConfiguration section */
		1DFFC0E92C0230DF003B495B /* Debug */ = {
			isa = XCBuildConfiguration;
			buildSettings = {
				ALWAYS_SEARCH_USER_PATHS = NO;
				ASSETCATALOG_COMPILER_GENERATE_SWIFT_ASSET_SYMBOL_EXTENSIONS = YES;
				CLANG_ANALYZER_NONNULL = YES;
				CLANG_ANALYZER_NUMBER_OBJECT_CONVERSION = YES_AGGRESSIVE;
				CLANG_CXX_LANGUAGE_STANDARD = "gnu++20";
				CLANG_ENABLE_MODULES = YES;
				CLANG_ENABLE_OBJC_ARC = YES;
				CLANG_ENABLE_OBJC_WEAK = YES;
				CLANG_WARN_BLOCK_CAPTURE_AUTORELEASING = YES;
				CLANG_WARN_BOOL_CONVERSION = YES;
				CLANG_WARN_COMMA = YES;
				CLANG_WARN_CONSTANT_CONVERSION = YES;
				CLANG_WARN_DEPRECATED_OBJC_IMPLEMENTATIONS = YES;
				CLANG_WARN_DIRECT_OBJC_ISA_USAGE = YES_ERROR;
				CLANG_WARN_DOCUMENTATION_COMMENTS = YES;
				CLANG_WARN_EMPTY_BODY = YES;
				CLANG_WARN_ENUM_CONVERSION = YES;
				CLANG_WARN_INFINITE_RECURSION = YES;
				CLANG_WARN_INT_CONVERSION = YES;
				CLANG_WARN_NON_LITERAL_NULL_CONVERSION = YES;
				CLANG_WARN_OBJC_IMPLICIT_RETAIN_SELF = YES;
				CLANG_WARN_OBJC_LITERAL_CONVERSION = YES;
				CLANG_WARN_OBJC_ROOT_CLASS = YES_ERROR;
				CLANG_WARN_QUOTED_INCLUDE_IN_FRAMEWORK_HEADER = YES;
				CLANG_WARN_RANGE_LOOP_ANALYSIS = YES;
				CLANG_WARN_STRICT_PROTOTYPES = YES;
				CLANG_WARN_SUSPICIOUS_MOVE = YES;
				CLANG_WARN_UNGUARDED_AVAILABILITY = YES_AGGRESSIVE;
				CLANG_WARN_UNREACHABLE_CODE = YES;
				CLANG_WARN__DUPLICATE_METHOD_MATCH = YES;
				COPY_PHASE_STRIP = NO;
				DEBUG_INFORMATION_FORMAT = dwarf;
				ENABLE_STRICT_OBJC_MSGSEND = YES;
				ENABLE_TESTABILITY = YES;
				ENABLE_USER_SCRIPT_SANDBOXING = YES;
				GCC_C_LANGUAGE_STANDARD = gnu17;
				GCC_DYNAMIC_NO_PIC = NO;
				GCC_NO_COMMON_BLOCKS = YES;
				GCC_OPTIMIZATION_LEVEL = 0;
				GCC_PREPROCESSOR_DEFINITIONS = (
					"DEBUG=1",
					"$(inherited)",
				);
				GCC_WARN_64_TO_32_BIT_CONVERSION = YES;
				GCC_WARN_ABOUT_RETURN_TYPE = YES_ERROR;
				GCC_WARN_UNDECLARED_SELECTOR = YES;
				GCC_WARN_UNINITIALIZED_AUTOS = YES_AGGRESSIVE;
				GCC_WARN_UNUSED_FUNCTION = YES;
				GCC_WARN_UNUSED_VARIABLE = YES;
				LOCALIZATION_PREFERS_STRING_CATALOGS = YES;
				MTL_ENABLE_DEBUG_INFO = INCLUDE_SOURCE;
				MTL_FAST_MATH = YES;
				ONLY_ACTIVE_ARCH = YES;
				SWIFT_ACTIVE_COMPILATION_CONDITIONS = "DEBUG $(inherited)";
				SWIFT_OPTIMIZATION_LEVEL = "-Onone";
			};
			name = Debug;
		};
		1DFFC0EA2C0230DF003B495B /* Release */ = {
			isa = XCBuildConfiguration;
			buildSettings = {
				ALWAYS_SEARCH_USER_PATHS = NO;
				ASSETCATALOG_COMPILER_GENERATE_SWIFT_ASSET_SYMBOL_EXTENSIONS = YES;
				CLANG_ANALYZER_NONNULL = YES;
				CLANG_ANALYZER_NUMBER_OBJECT_CONVERSION = YES_AGGRESSIVE;
				CLANG_CXX_LANGUAGE_STANDARD = "gnu++20";
				CLANG_ENABLE_MODULES = YES;
				CLANG_ENABLE_OBJC_ARC = YES;
				CLANG_ENABLE_OBJC_WEAK = YES;
				CLANG_WARN_BLOCK_CAPTURE_AUTORELEASING = YES;
				CLANG_WARN_BOOL_CONVERSION = YES;
				CLANG_WARN_COMMA = YES;
				CLANG_WARN_CONSTANT_CONVERSION = YES;
				CLANG_WARN_DEPRECATED_OBJC_IMPLEMENTATIONS = YES;
				CLANG_WARN_DIRECT_OBJC_ISA_USAGE = YES_ERROR;
				CLANG_WARN_DOCUMENTATION_COMMENTS = YES;
				CLANG_WARN_EMPTY_BODY = YES;
				CLANG_WARN_ENUM_CONVERSION = YES;
				CLANG_WARN_INFINITE_RECURSION = YES;
				CLANG_WARN_INT_CONVERSION = YES;
				CLANG_WARN_NON_LITERAL_NULL_CONVERSION = YES;
				CLANG_WARN_OBJC_IMPLICIT_RETAIN_SELF = YES;
				CLANG_WARN_OBJC_LITERAL_CONVERSION = YES;
				CLANG_WARN_OBJC_ROOT_CLASS = YES_ERROR;
				CLANG_WARN_QUOTED_INCLUDE_IN_FRAMEWORK_HEADER = YES;
				CLANG_WARN_RANGE_LOOP_ANALYSIS = YES;
				CLANG_WARN_STRICT_PROTOTYPES = YES;
				CLANG_WARN_SUSPICIOUS_MOVE = YES;
				CLANG_WARN_UNGUARDED_AVAILABILITY = YES_AGGRESSIVE;
				CLANG_WARN_UNREACHABLE_CODE = YES;
				CLANG_WARN__DUPLICATE_METHOD_MATCH = YES;
				COPY_PHASE_STRIP = NO;
				DEBUG_INFORMATION_FORMAT = "dwarf-with-dsym";
				ENABLE_NS_ASSERTIONS = NO;
				ENABLE_STRICT_OBJC_MSGSEND = YES;
				ENABLE_USER_SCRIPT_SANDBOXING = YES;
				GCC_C_LANGUAGE_STANDARD = gnu17;
				GCC_NO_COMMON_BLOCKS = YES;
				GCC_WARN_64_TO_32_BIT_CONVERSION = YES;
				GCC_WARN_ABOUT_RETURN_TYPE = YES_ERROR;
				GCC_WARN_UNDECLARED_SELECTOR = YES;
				GCC_WARN_UNINITIALIZED_AUTOS = YES_AGGRESSIVE;
				GCC_WARN_UNUSED_FUNCTION = YES;
				GCC_WARN_UNUSED_VARIABLE = YES;
				LOCALIZATION_PREFERS_STRING_CATALOGS = YES;
				MTL_ENABLE_DEBUG_INFO = NO;
				MTL_FAST_MATH = YES;
				SWIFT_COMPILATION_MODE = wholemodule;
			};
			name = Release;
		};
		1DFFC0EC2C0230DF003B495B /* Debug */ = {
			isa = XCBuildConfiguration;
			buildSettings = {
				ASSETCATALOG_COMPILER_GLOBAL_ACCENT_COLOR_NAME = AccentColor;
				CODE_SIGN_STYLE = Automatic;
				CURRENT_PROJECT_VERSION = 1;
				DEVELOPMENT_ASSET_PATHS = "\"cx.srd.watch.ultra2-001 Watch App/Preview Content\"";
				DEVELOPMENT_TEAM = 7KJ5XYCA8X;
				ENABLE_PREVIEWS = YES;
				GENERATE_INFOPLIST_FILE = YES;
				INFOPLIST_KEY_CFBundleDisplayName = "cx.srd.watch.ultra2-001";
				INFOPLIST_KEY_UISupportedInterfaceOrientations = "UIInterfaceOrientationPortrait UIInterfaceOrientationPortraitUpsideDown";
				INFOPLIST_KEY_WKWatchOnly = YES;
				LD_RUNPATH_SEARCH_PATHS = (
					"$(inherited)",
					"@executable_path/Frameworks",
				);
				MARKETING_VERSION = 1.0;
				PRODUCT_BUNDLE_IDENTIFIER = "cx.srd.watch.ultra2-001.cx-srd-watch-ultra2-001.watchkitapp";
				PRODUCT_NAME = "$(TARGET_NAME)";
				SDKROOT = watchos;
				SKIP_INSTALL = YES;
				SWIFT_EMIT_LOC_STRINGS = YES;
				SWIFT_VERSION = 5.0;
				TARGETED_DEVICE_FAMILY = 4;
				WATCHOS_DEPLOYMENT_TARGET = 10.0;
			};
			name = Debug;
		};
		1DFFC0ED2C0230DF003B495B /* Release */ = {
			isa = XCBuildConfiguration;
			buildSettings = {
				ASSETCATALOG_COMPILER_GLOBAL_ACCENT_COLOR_NAME = AccentColor;
				CODE_SIGN_STYLE = Automatic;
				CURRENT_PROJECT_VERSION = 1;
				DEVELOPMENT_ASSET_PATHS = "\"cx.srd.watch.ultra2-001 Watch App/Preview Content\"";
				DEVELOPMENT_TEAM = 7KJ5XYCA8X;
				ENABLE_PREVIEWS = YES;
				GENERATE_INFOPLIST_FILE = YES;
				INFOPLIST_KEY_CFBundleDisplayName = "cx.srd.watch.ultra2-001";
				INFOPLIST_KEY_UISupportedInterfaceOrientations = "UIInterfaceOrientationPortrait UIInterfaceOrientationPortraitUpsideDown";
				INFOPLIST_KEY_WKWatchOnly = YES;
				LD_RUNPATH_SEARCH_PATHS = (
					"$(inherited)",
					"@executable_path/Frameworks",
				);
				MARKETING_VERSION = 1.0;
				PRODUCT_BUNDLE_IDENTIFIER = "cx.srd.watch.ultra2-001.cx-srd-watch-ultra2-001.watchkitapp";
				PRODUCT_NAME = "$(TARGET_NAME)";
				SDKROOT = watchos;
				SKIP_INSTALL = YES;
				SWIFT_EMIT_LOC_STRINGS = YES;
				SWIFT_VERSION = 5.0;
				TARGETED_DEVICE_FAMILY = 4;
				VALIDATE_PRODUCT = YES;
				WATCHOS_DEPLOYMENT_TARGET = 10.0;
			};
			name = Release;
		};
		1DFFC0F02C0230DF003B495B /* Debug */ = {
			isa = XCBuildConfiguration;
			buildSettings = {
				ALWAYS_EMBED_SWIFT_STANDARD_LIBRARIES = YES;
				CODE_SIGN_STYLE = Automatic;
				CURRENT_PROJECT_VERSION = 1;
				DEVELOPMENT_TEAM = 7KJ5XYCA8X;
				INFOPLIST_KEY_CFBundleDisplayName = "cx.srd.watch.ultra2-001";
				IPHONEOS_DEPLOYMENT_TARGET = 17.5;
				MARKETING_VERSION = 1.0;
				PRODUCT_BUNDLE_IDENTIFIER = "cx.srd.watch.ultra2-001.cx.srd.watch.ultra2-001";
				PRODUCT_NAME = "$(TARGET_NAME)";
				SDKROOT = iphoneos;
				SWIFT_VERSION = 5.0;
			};
			name = Debug;
		};
		1DFFC0F12C0230DF003B495B /* Release */ = {
			isa = XCBuildConfiguration;
			buildSettings = {
				ALWAYS_EMBED_SWIFT_STANDARD_LIBRARIES = YES;
				CODE_SIGN_STYLE = Automatic;
				CURRENT_PROJECT_VERSION = 1;
				DEVELOPMENT_TEAM = 7KJ5XYCA8X;
				INFOPLIST_KEY_CFBundleDisplayName = "cx.srd.watch.ultra2-001";
				IPHONEOS_DEPLOYMENT_TARGET = 17.5;
				MARKETING_VERSION = 1.0;
				PRODUCT_BUNDLE_IDENTIFIER = "cx.srd.watch.ultra2-001.cx.srd.watch.ultra2-001";
				PRODUCT_NAME = "$(TARGET_NAME)";
				SDKROOT = iphoneos;
				SWIFT_VERSION = 5.0;
				VALIDATE_PRODUCT = YES;
			};
			name = Release;
		};
/* End XCBuildConfiguration section */

/* Begin XCConfigurationList section */
		1DFFC0D22C0230DE003B495B /* Build configuration list for PBXProject "XNU Image Generator" */ = {
			isa = XCConfigurationList;
			buildConfigurations = (
				1DFFC0E92C0230DF003B495B /* Debug */,
				1DFFC0EA2C0230DF003B495B /* Release */,
			);
			defaultConfigurationIsVisible = 0;
			defaultConfigurationName = Release;
		};
		1DFFC0EB2C0230DF003B495B /* Build configuration list for PBXNativeTarget "XNU Image Generator Watch App" */ = {
			isa = XCConfigurationList;
			buildConfigurations = (
				1DFFC0EC2C0230DF003B495B /* Debug */,
				1DFFC0ED2C0230DF003B495B /* Release */,
			);
			defaultConfigurationIsVisible = 0;
			defaultConfigurationName = Release;
		};
		1DFFC0EF2C0230DF003B495B /* Build configuration list for PBXNativeTarget "XNU Image Generator" */ = {
			isa = XCConfigurationList;
			buildConfigurations = (
				1DFFC0F02C0230DF003B495B /* Debug */,
				1DFFC0F12C0230DF003B495B /* Release */,
			);
			defaultConfigurationIsVisible = 0;
			defaultConfigurationName = Release;
		};
/* End XCConfigurationList section */
	};
	rootObject = 1DFFC0CF2C0230DE003B495B /* Project object */;
}
